
Microsoft Visual Studio Solution File, Format Version 12.00
# Visual Studio Version 17
VisualStudioVersion = 17.6.33829.357
MinimumVisualStudioVersion = 10.0.40219.1
Project("{FAE04EC0-301F-11D3-BF4B-00C04F79EFBC}") = "HW-24.06.23", "HW-24.06.23\HW-24.06.23.csproj", "{EBCBCEAA-E1B3-4C14-9904-FFC5F01B9C6B}"
EndProject
Global
	GlobalSection(SolutionConfigurationPlatforms) = preSolution
		Debug|Any CPU = Debug|Any CPU
		Release|Any CPU = Release|Any CPU
	EndGlobalSection
	GlobalSection(ProjectConfigurationPlatforms) = postSolution
		{EBCBCEAA-E1B3-4C14-9904-FFC5F01B9C6B}.Debug|Any CPU.ActiveCfg = Debug|Any CPU
		{EBCBCEAA-E1B3-4C14-9904-FFC5F01B9C6B}.Debug|Any CPU.Build.0 = Debug|Any CPU
		{EBCBCEAA-E1B3-4C14-9904-FFC5F01B9C6B}.Release|Any CPU.ActiveCfg = Release|Any CPU
		{EBCBCEAA-E1B3-4C14-9904-FFC5F01B9C6B}.Release|Any CPU.Build.0 = Release|Any CPU
	EndGlobalSection
	GlobalSection(SolutionProperties) = preSolution
		HideSolutionNode = FALSE
	EndGlobalSection
	GlobalSection(ExtensibilityGlobals) = postSolution
		SolutionGuid = {D0EC60FC-D44C-4CFE-9C69-B00F5D67FF77}
	EndGlobalSection
EndGlobal
